
Microsoft Visual Studio Solution File, Format Version 12.00
# Visual Studio Version 17
VisualStudioVersion = 17.14.36202.13 d17.14
MinimumVisualStudioVersion = 10.0.40219.1
Project("{FAE04EC0-301F-11D3-BF4B-00C04F79EFBC}") = "DNATestingSystem.APIServices.BE.NhanVT", "DNATestingSystem.APIServices.BE.NhanVT\DNATestingSystem.APIServices.BE.NhanVT.csproj", "{27936346-7099-D517-4924-C5864BADC2D7}"
EndProject
Project("{FAE04EC0-301F-11D3-BF4B-00C04F79EFBC}") = "DNATestingSystem.Repository.NhanVT", "DNATestingSystem.Repository.NhanVT\DNATestingSystem.Repository.NhanVT.csproj", "{69AFDC2C-7DEE-5AD4-93F0-C6C670BE2D51}"
EndProject
Project("{FAE04EC0-301F-11D3-BF4B-00C04F79EFBC}") = "DNATestingSystem.Services.NhanVT", "DNATestingSystem.Services.NhanVT\DNATestingSystem.Services.NhanVT.csproj", "{45B5AEE6-38F3-FA72-DEEF-33746D6DDA00}"
EndProject
Global
	GlobalSection(SolutionConfigurationPlatforms) = preSolution
		Debug|Any CPU = Debug|Any CPU
		Release|Any CPU = Release|Any CPU
	EndGlobalSection
	GlobalSection(ProjectConfigurationPlatforms) = postSolution
		{27936346-7099-D517-4924-C5864BADC2D7}.Debug|Any CPU.ActiveCfg = Debug|Any CPU
		{27936346-7099-D517-4924-C5864BADC2D7}.Debug|Any CPU.Build.0 = Debug|Any CPU
		{27936346-7099-D517-4924-C5864BADC2D7}.Release|Any CPU.ActiveCfg = Release|Any CPU
		{27936346-7099-D517-4924-C5864BADC2D7}.Release|Any CPU.Build.0 = Release|Any CPU
		{69AFDC2C-7DEE-5AD4-93F0-C6C670BE2D51}.Debug|Any CPU.ActiveCfg = Debug|Any CPU
		{69AFDC2C-7DEE-5AD4-93F0-C6C670BE2D51}.Debug|Any CPU.Build.0 = Debug|Any CPU
		{69AFDC2C-7DEE-5AD4-93F0-C6C670BE2D51}.Release|Any CPU.ActiveCfg = Release|Any CPU
		{69AFDC2C-7DEE-5AD4-93F0-C6C670BE2D51}.Release|Any CPU.Build.0 = Release|Any CPU
		{45B5AEE6-38F3-FA72-DEEF-33746D6DDA00}.Debug|Any CPU.ActiveCfg = Debug|Any CPU
		{45B5AEE6-38F3-FA72-DEEF-33746D6DDA00}.Debug|Any CPU.Build.0 = Debug|Any CPU
		{45B5AEE6-38F3-FA72-DEEF-33746D6DDA00}.Release|Any CPU.ActiveCfg = Release|Any CPU
		{45B5AEE6-38F3-FA72-DEEF-33746D6DDA00}.Release|Any CPU.Build.0 = Release|Any CPU
	EndGlobalSection
	GlobalSection(SolutionProperties) = preSolution
		HideSolutionNode = FALSE
	EndGlobalSection
	GlobalSection(ExtensibilityGlobals) = postSolution
		SolutionGuid = {FA5AEA10-B248-41EC-9722-B7E24931B93B}
	EndGlobalSection
EndGlobal
